
Microsoft Visual Studio Solution File, Format Version 12.00
# Visual Studio 15
VisualStudioVersion = 15.0.28010.2026
MinimumVisualStudioVersion = 10.0.40219.1
Project("{FAE04EC0-301F-11D3-BF4B-00C04F79EFBC}") = "HomeWorkOne", "HomeWorkOne\HomeWorkOne.csproj", "{2626FF18-2E62-49F7-9E21-F0CF344BEB50}"
EndProject
Global
	GlobalSection(SolutionConfigurationPlatforms) = preSolution
		Debug|Any CPU = Debug|Any CPU
		Release|Any CPU = Release|Any CPU
	EndGlobalSection
	GlobalSection(ProjectConfigurationPlatforms) = postSolution
		{2626FF18-2E62-49F7-9E21-F0CF344BEB50}.Debug|Any CPU.ActiveCfg = Debug|Any CPU
		{2626FF18-2E62-49F7-9E21-F0CF344BEB50}.Debug|Any CPU.Build.0 = Debug|Any CPU
		{2626FF18-2E62-49F7-9E21-F0CF344BEB50}.Release|Any CPU.ActiveCfg = Release|Any CPU
		{2626FF18-2E62-49F7-9E21-F0CF344BEB50}.Release|Any CPU.Build.0 = Release|Any CPU
	EndGlobalSection
	GlobalSection(SolutionProperties) = preSolution
		HideSolutionNode = FALSE
	EndGlobalSection
	GlobalSection(ExtensibilityGlobals) = postSolution
		SolutionGuid = {9AA1E0B4-868C-4E76-B2BE-10C68734F1A8}
	EndGlobalSection
EndGlobal
